{
  "name": "comparison_of_python_and_ts_functions",
  "version": "1.0.0",
  "lockfileVersion": 1,
  "requires": true,
  "dependencies": {
    "dnaviz": {
      "version": "1.0.0-0",
      "resolved": "https://registry.npmjs.org/dnaviz/-/dnaviz-1.0.0-0.tgz",
      "integrity": "sha512-e4VqX6kqib3jWu8MoLO6TTquRqguPlT0O4y1MKl8+eUZfVGrL63mwUyGOhlDSZkyA/B9/GjxT6KayTjzYg2SJQ==",
      "dev": true
    },
    "simple-statistics": {
      "version": "7.1.0",
      "resolved": "https://registry.npmjs.org/simple-statistics/-/simple-statistics-7.1.0.tgz",
      "integrity": "sha512-aA7JgiiptQJFB1xJDySzUJ64XTtl1zkR5U79Qa0AxSYVTxws2UlsZt/chyJm+2lMt3xIPKzAsNzVhZhMUXlY+g=="
    }
  }
}
